
Microsoft Visual Studio Solution File, Format Version 12.00
# Visual Studio Version 17
VisualStudioVersion = 17.3.32929.385
MinimumVisualStudioVersion = 10.0.40219.1
Project("{FAE04EC0-301F-11D3-BF4B-00C04F79EFBC}") = "CollectionDemo", "CollectionDemo\CollectionDemo.csproj", "{96F96CBB-F509-425A-B452-676D5011D792}"
EndProject
Global
	GlobalSection(SolutionConfigurationPlatforms) = preSolution
		Debug|Any CPU = Debug|Any CPU
		Release|Any CPU = Release|Any CPU
	EndGlobalSection
	GlobalSection(ProjectConfigurationPlatforms) = postSolution
		{96F96CBB-F509-425A-B452-676D5011D792}.Debug|Any CPU.ActiveCfg = Debug|Any CPU
		{96F96CBB-F509-425A-B452-676D5011D792}.Debug|Any CPU.Build.0 = Debug|Any CPU
		{96F96CBB-F509-425A-B452-676D5011D792}.Release|Any CPU.ActiveCfg = Release|Any CPU
		{96F96CBB-F509-425A-B452-676D5011D792}.Release|Any CPU.Build.0 = Release|Any CPU
	EndGlobalSection
	GlobalSection(SolutionProperties) = preSolution
		HideSolutionNode = FALSE
	EndGlobalSection
	GlobalSection(ExtensibilityGlobals) = postSolution
		SolutionGuid = {F70CC49E-3261-47D0-9AC4-493B4275C556}
	EndGlobalSection
EndGlobal
